
Microsoft Visual Studio Solution File, Format Version 12.00
# Visual Studio Version 17
VisualStudioVersion = 17.8.34316.72
MinimumVisualStudioVersion = 10.0.40219.1
Project("{FAE04EC0-301F-11D3-BF4B-00C04F79EFBC}") = "MonitorElectricTest", "MonitorElectricTest\MonitorElectricTest.csproj", "{64D451B6-2C81-48E6-9ACD-E60B8671BBB3}"
EndProject
Project("{FAE04EC0-301F-11D3-BF4B-00C04F79EFBC}") = "MonitorElectric.Test.Data", "MonitorElectric.Test.DataAccess\MonitorElectric.Test.Data.csproj", "{B1D3A879-5A2D-47E2-9EE0-D8C88AF65590}"
EndProject
Global
	GlobalSection(SolutionConfigurationPlatforms) = preSolution
		Debug|Any CPU = Debug|Any CPU
		Release|Any CPU = Release|Any CPU
	EndGlobalSection
	GlobalSection(ProjectConfigurationPlatforms) = postSolution
		{64D451B6-2C81-48E6-9ACD-E60B8671BBB3}.Debug|Any CPU.ActiveCfg = Debug|Any CPU
		{64D451B6-2C81-48E6-9ACD-E60B8671BBB3}.Debug|Any CPU.Build.0 = Debug|Any CPU
		{64D451B6-2C81-48E6-9ACD-E60B8671BBB3}.Release|Any CPU.ActiveCfg = Release|Any CPU
		{64D451B6-2C81-48E6-9ACD-E60B8671BBB3}.Release|Any CPU.Build.0 = Release|Any CPU
		{B1D3A879-5A2D-47E2-9EE0-D8C88AF65590}.Debug|Any CPU.ActiveCfg = Debug|Any CPU
		{B1D3A879-5A2D-47E2-9EE0-D8C88AF65590}.Debug|Any CPU.Build.0 = Debug|Any CPU
		{B1D3A879-5A2D-47E2-9EE0-D8C88AF65590}.Release|Any CPU.ActiveCfg = Release|Any CPU
		{B1D3A879-5A2D-47E2-9EE0-D8C88AF65590}.Release|Any CPU.Build.0 = Release|Any CPU
	EndGlobalSection
	GlobalSection(SolutionProperties) = preSolution
		HideSolutionNode = FALSE
	EndGlobalSection
	GlobalSection(ExtensibilityGlobals) = postSolution
		SolutionGuid = {304EDFCB-0351-4CAE-B530-D9E538447869}
	EndGlobalSection
EndGlobal
